
Microsoft Visual Studio Solution File, Format Version 12.00
# Visual Studio Version 17
VisualStudioVersion = 17.14.36623.8 d17.14
MinimumVisualStudioVersion = 10.0.40219.1
Project("{FAE04EC0-301F-11D3-BF4B-00C04F79EFBC}") = "AgenciaTurismo", "AgenciaTurismo.csproj", "{11A3508E-5F85-4294-93B0-550538E5D098}"
EndProject
Global
	GlobalSection(SolutionConfigurationPlatforms) = preSolution
		Debug|Any CPU = Debug|Any CPU
		Release|Any CPU = Release|Any CPU
	EndGlobalSection
	GlobalSection(ProjectConfigurationPlatforms) = postSolution
		{11A3508E-5F85-4294-93B0-550538E5D098}.Debug|Any CPU.ActiveCfg = Debug|Any CPU
		{11A3508E-5F85-4294-93B0-550538E5D098}.Debug|Any CPU.Build.0 = Debug|Any CPU
		{11A3508E-5F85-4294-93B0-550538E5D098}.Release|Any CPU.ActiveCfg = Release|Any CPU
		{11A3508E-5F85-4294-93B0-550538E5D098}.Release|Any CPU.Build.0 = Release|Any CPU
	EndGlobalSection
	GlobalSection(SolutionProperties) = preSolution
		HideSolutionNode = FALSE
	EndGlobalSection
	GlobalSection(ExtensibilityGlobals) = postSolution
		SolutionGuid = {2BA9AD6E-9A6E-4300-B09D-801FB8D135ED}
	EndGlobalSection
EndGlobal
